// !$*UTF8*$!
{
	archiveVersion = 1;
	classes = {
	};
	objectVersion = 50;
	objects = {

/* Begin PBXBuildFile section */
		323A73D821E6BE65002C5FCF /* AppDelegate.swift in Sources */ = {isa = PBXBuildFile; fileRef = 323A73D721E6BE65002C5FCF /* AppDelegate.swift */; };
		323A73DA21E6BE65002C5FCF /* ViewController.swift in Sources */ = {isa = PBXBuildFile; fileRef = 323A73D921E6BE65002C5FCF /* ViewController.swift */; };
		323A73DD21E6BE65002C5FCF /* Main.storyboard in Resources */ = {isa = PBXBuildFile; fileRef = 323A73DB21E6BE65002C5FCF /* Main.storyboard */; };
		323A73DF21E6BE65002C5FCF /* Assets.xcassets in Resources */ = {isa = PBXBuildFile; fileRef = 323A73DE21E6BE65002C5FCF /* Assets.xcassets */; };
		323A73E221E6BE65002C5FCF /* LaunchScreen.storyboard in Resources */ = {isa = PBXBuildFile; fileRef = 323A73E021E6BE65002C5FCF /* LaunchScreen.storyboard */; };
		323A73ED21E6BE66002C5FCF /* TipCalculatorTests.swift in Sources */ = {isa = PBXBuildFile; fileRef = 323A73EC21E6BE66002C5FCF /* TipCalculatorTests.swift */; };
		323A73F821E6BE66002C5FCF /* TipCalculatorUITests.swift in Sources */ = {isa = PBXBuildFile; fileRef = 323A73F721E6BE66002C5FCF /* TipCalculatorUITests.swift */; };
/* End PBXBuildFile section */

/* Begin PBXContainerItemProxy section */
		323A73E921E6BE66002C5FCF /* PBXContainerItemProxy */ = {
			isa = PBXContainerItemProxy;
			containerPortal = 323A73CC21E6BE65002C5FCF /* Project object */;
			proxyType = 1;
			remoteGlobalIDString = 323A73D321E6BE65002C5FCF;
			remoteInfo = TipCalculator;
		};
		323A73F421E6BE66002C5FCF /* PBXContainerItemProxy */ = {
			isa = PBXContainerItemProxy;
			containerPortal = 323A73CC21E6BE65002C5FCF /* Project object */;
			proxyType = 1;
			remoteGlobalIDString = 323A73D321E6BE65002C5FCF;
			remoteInfo = TipCalculator;
		};
/* End PBXContainerItemProxy section */

/* Begin PBXFileReference section */
		323A73D421E6BE65002C5FCF /* TipCalculator.app */ = {isa = PBXFileReference; explicitFileType = wrapper.application; includeInIndex = 0; path = TipCalculator.app; sourceTree = BUILT_PRODUCTS_DIR; };
		323A73D721E6BE65002C5FCF /* AppDelegate.swift */ = {isa = PBXFileReference; lastKnownFileType = sourcecode.swift; path = AppDelegate.swift; sourceTree = "<group>"; };
		323A73D921E6BE65002C5FCF /* ViewController.swift */ = {isa = PBXFileReference; lastKnownFileType = sourcecode.swift; path = ViewController.swift; sourceTree = "<group>"; };
		323A73DC21E6BE65002C5FCF /* Base */ = {isa = PBXFileReference; lastKnownFileType = file.storyboard; name = Base; path = Base.lproj/Main.storyboard; sourceTree = "<group>"; };
		323A73DE21E6BE65002C5FCF /* Assets.xcassets */ = {isa = PBXFileReference; lastKnownFileType = folder.assetcatalog; path = Assets.xcassets; sourceTree = "<group>"; };
		323A73E121E6BE65002C5FCF /* Base */ = {isa = PBXFileReference; lastKnownFileType = file.storyboard; name = Base; path = Base.lproj/LaunchScreen.storyboard; sourceTree = "<group>"; };
		323A73E321E6BE65002C5FCF /* Info.plist */ = {isa = PBXFileReference; lastKnownFileType = text.plist.xml; path = Info.plist; sourceTree = "<group>"; };
		323A73E821E6BE66002C5FCF /* TipCalculatorTests.xctest */ = {isa = PBXFileReference; explicitFileType = wrapper.cfbundle; includeInIndex = 0; path = TipCalculatorTests.xctest; sourceTree = BUILT_PRODUCTS_DIR; };
		323A73EC21E6BE66002C5FCF /* TipCalculatorTests.swift */ = {isa = PBXFileReference; lastKnownFileType = sourcecode.swift; path = TipCalculatorTests.swift; sourceTree = "<group>"; };
		323A73EE21E6BE66002C5FCF /* Info.plist */ = {isa = PBXFileReference; lastKnownFileType = text.plist.xml; path = Info.plist; sourceTree = "<group>"; };
		323A73F321E6BE66002C5FCF /* TipCalculatorUITests.xctest */ = {isa = PBXFileReference; explicitFileType = wrapper.cfbundle; includeInIndex = 0; path = TipCalculatorUITests.xctest; sourceTree = BUILT_PRODUCTS_DIR; };
		323A73F721E6BE66002C5FCF /* TipCalculatorUITests.swift */ = {isa = PBXFileReference; lastKnownFileType = sourcecode.swift; path = TipCalculatorUITests.swift; sourceTree = "<group>"; };
		323A73F921E6BE66002C5FCF /* Info.plist */ = {isa = PBXFileReference; lastKnownFileType = text.plist.xml; path = Info.plist; sourceTree = "<group>"; };
/* End PBXFileReference section */

/* Begin PBXFrameworksBuildPhase section */
		323A73D121E6BE65002C5FCF /* Frameworks */ = {
			isa = PBXFrameworksBuildPhase;
			buildActionMask = 2147483647;
			files = (
			);
			runOnlyForDeploymentPostprocessing = 0;
		};
		323A73E521E6BE66002C5FCF /* Frameworks */ = {
			isa = PBXFrameworksBuildPhase;
			buildActionMask = 2147483647;
			files = (
			);
			runOnlyForDeploymentPostprocessing = 0;
		};
		323A73F021E6BE66002C5FCF /* Frameworks */ = {
			isa = PBXFrameworksBuildPhase;
			buildActionMask = 2147483647;
			files = (
			);
			runOnlyForDeploymentPostprocessing = 0;
		};
/* End PBXFrameworksBuildPhase section */

/* Begin PBXGroup section */
		323A73CB21E6BE65002C5FCF = {
			isa = PBXGroup;
			children = (
				323A73D621E6BE65002C5FCF /* TipCalculator */,
				323A73EB21E6BE66002C5FCF /* TipCalculatorTests */,
				323A73F621E6BE66002C5FCF /* TipCalculatorUITests */,
				323A73D521E6BE65002C5FCF /* Products */,
			);
			sourceTree = "<group>";
		};
		323A73D521E6BE65002C5FCF /* Products */ = {
			isa = PBXGroup;
			children = (
				323A73D421E6BE65002C5FCF /* TipCalculator.app */,
				323A73E821E6BE66002C5FCF /* TipCalculatorTests.xctest */,
				323A73F321E6BE66002C5FCF /* TipCalculatorUITests.xctest */,
			);
			name = Products;
			sourceTree = "<group>";
		};
		323A73D621E6BE65002C5FCF /* TipCalculator */ = {
			isa = PBXGroup;
			children = (
				323A73D721E6BE65002C5FCF /* AppDelegate.swift */,
				323A73D921E6BE65002C5FCF /* ViewController.swift */,
				323A73DB21E6BE65002C5FCF /* Main.storyboard */,
				323A73DE21E6BE65002C5FCF /* Assets.xcassets */,
				323A73E021E6BE65002C5FCF /* LaunchScreen.storyboard */,
				323A73E321E6BE65002C5FCF /* Info.plist */,
			);
			path = TipCalculator;
			sourceTree = "<group>";
		};
		323A73EB21E6BE66002C5FCF /* TipCalculatorTests */ = {
			isa = PBXGroup;
			children = (
				323A73EC21E6BE66002C5FCF /* TipCalculatorTests.swift */,
				323A73EE21E6BE66002C5FCF /* Info.plist */,
			);
			path = TipCalculatorTests;
			sourceTree = "<group>";
		};
		323A73F621E6BE66002C5FCF /* TipCalculatorUITests */ = {
			isa = PBXGroup;
			children = (
				323A73F721E6BE66002C5FCF /* TipCalculatorUITests.swift */,
				323A73F921E6BE66002C5FCF /* Info.plist */,
			);
			path = TipCalculatorUITests;
			sourceTree = "<group>";
		};
/* End PBXGroup section */

/* Begin PBXNativeTarget section */
		323A73D321E6BE65002C5FCF /* TipCalculator */ = {
			isa = PBXNativeTarget;
			buildConfigurationList = 323A73FC21E6BE66002C5FCF /* Build configuration list for PBXNativeTarget "TipCalculator" */;
			buildPhases = (
				323A73D021E6BE65002C5FCF /* Sources */,
				323A73D121E6BE65002C5FCF /* Frameworks */,
				323A73D221E6BE65002C5FCF /* Resources */,
			);
			buildRules = (
			);
			dependencies = (
			);
			name = TipCalculator;
			productName = TipCalculator;
			productReference = 323A73D421E6BE65002C5FCF /* TipCalculator.app */;
			productType = "com.apple.product-type.application";
		};
		323A73E721E6BE66002C5FCF /* TipCalculatorTests */ = {
			isa = PBXNativeTarget;
			buildConfigurationList = 323A73FF21E6BE66002C5FCF /* Build configuration list for PBXNativeTarget "TipCalculatorTests" */;
			buildPhases = (
				323A73E421E6BE66002C5FCF /* Sources */,
				323A73E521E6BE66002C5FCF /* Frameworks */,
				323A73E621E6BE66002C5FCF /* Resources */,
			);
			buildRules = (
			);
			dependencies = (
				323A73EA21E6BE66002C5FCF /* PBXTargetDependency */,
			);
			name = TipCalculatorTests;
			productName = TipCalculatorTests;
			productReference = 323A73E821E6BE66002C5FCF /* TipCalculatorTests.xctest */;
			productType = "com.apple.product-type.bundle.unit-test";
		};
		323A73F221E6BE66002C5FCF /* TipCalculatorUITests */ = {
			isa = PBXNativeTarget;
			buildConfigurationList = 323A740221E6BE66002C5FCF /* Build configuration list for PBXNativeTarget "TipCalculatorUITests" */;
			buildPhases = (
				323A73EF21E6BE66002C5FCF /* Sources */,
				323A73F021E6BE66002C5FCF /* Frameworks */,
				323A73F121E6BE66002C5FCF /* Resources */,
			);
			buildRules = (
			);
			dependencies = (
				323A73F521E6BE66002C5FCF /* PBXTargetDependency */,
			);
			name = TipCalculatorUITests;
			productName = TipCalculatorUITests;
			productReference = 323A73F321E6BE66002C5FCF /* TipCalculatorUITests.xctest */;
			productType = "com.apple.product-type.bundle.ui-testing";
		};
/* End PBXNativeTarget section */

/* Begin PBXProject section */
		323A73CC21E6BE65002C5FCF /* Project object */ = {
			isa = PBXProject;
			attributes = {
				LastSwiftUpdateCheck = 1010;
				LastUpgradeCheck = 1010;
				ORGANIZATIONNAME = "Umang Mathur";
				TargetAttributes = {
					323A73D321E6BE65002C5FCF = {
						CreatedOnToolsVersion = 10.1;
					};
					323A73E721E6BE66002C5FCF = {
						CreatedOnToolsVersion = 10.1;
						TestTargetID = 323A73D321E6BE65002C5FCF;
					};
					323A73F221E6BE66002C5FCF = {
						CreatedOnToolsVersion = 10.1;
						TestTargetID = 323A73D321E6BE65002C5FCF;
					};
				};
			};
			buildConfigurationList = 323A73CF21E6BE65002C5FCF /* Build configuration list for PBXProject "TipCalculator" */;
			compatibilityVersion = "Xcode 9.3";
			developmentRegion = en;
			hasScannedForEncodings = 0;
			knownRegions = (
				en,
				Base,
			);
			mainGroup = 323A73CB21E6BE65002C5FCF;
			productRefGroup = 323A73D521E6BE65002C5FCF /* Products */;
			projectDirPath = "";
			projectRoot = "";
			targets = (
				323A73D321E6BE65002C5FCF /* TipCalculator */,
				323A73E721E6BE66002C5FCF /* TipCalculatorTests */,
				323A73F221E6BE66002C5FCF /* TipCalculatorUITests */,
			);
		};
/* End PBXProject section */

/* Begin PBXResourcesBuildPhase section */
		323A73D221E6BE65002C5FCF /* Resources */ = {
			isa = PBXResourcesBuildPhase;
			buildActionMask = 2147483647;
			files = (
				323A73E221E6BE65002C5FCF /* LaunchScreen.storyboard in Resources */,
				323A73DF21E6BE65002C5FCF /* Assets.xcassets in Resources */,
				323A73DD21E6BE65002C5FCF /* Main.storyboard in Resources */,
			);
			runOnlyForDeploymentPostprocessing = 0;
		};
		323A73E621E6BE66002C5FCF /* Resources */ = {
			isa = PBXResourcesBuildPhase;
			buildActionMask = 2147483647;
			files = (
			);
			runOnlyForDeploymentPostprocessing = 0;
		};
		323A73F121E6BE66002C5FCF /* Resources */ = {
			isa = PBXResourcesBuildPhase;
			buildActionMask = 2147483647;
			files = (
			);
			runOnlyForDeploymentPostprocessing = 0;
		};
/* End PBXResourcesBuildPhase section */

/* Begin PBXSourcesBuildPhase section */
		323A73D021E6BE65002C5FCF /* Sources */ = {
			isa = PBXSourcesBuildPhase;
			buildActionMask = 2147483647;
			files = (
				323A73DA21E6BE65002C5FCF /* ViewController.swift in Sources */,
				323A73D821E6BE65002C5FCF /* AppDelegate.swift in Sources */,
			);
			runOnlyForDeploymentPostprocessing = 0;
		};
		323A73E421E6BE66002C5FCF /* Sources */ = {
			isa = PBXSourcesBuildPhase;
			buildActionMask = 2147483647;
			files = (
				323A73ED21E6BE66002C5FCF /* TipCalculatorTests.swift in Sources */,
			);
			runOnlyForDeploymentPostprocessing = 0;
		};
		323A73EF21E6BE66002C5FCF /* Sources */ = {
			isa = PBXSourcesBuildPhase;
			buildActionMask = 2147483647;
			files = (
				323A73F821E6BE66002C5FCF /* TipCalculatorUITests.swift in Sources */,
			);
			runOnlyForDeploymentPostprocessing = 0;
		};
/* End PBXSourcesBuildPhase section */

/* Begin PBXTargetDependency section */
		323A73EA21E6BE66002C5FCF /* PBXTargetDependency */ = {
			isa = PBXTargetDependency;
			target = 323A73D321E6BE65002C5FCF /* TipCalculator */;
			targetProxy = 323A73E921E6BE66002C5FCF /* PBXContainerItemProxy */;
		};
		323A73F521E6BE66002C5FCF /* PBXTargetDependency */ = {
			isa = PBXTargetDependency;
			target = 323A73D321E6BE65002C5FCF /* TipCalculator */;
			targetProxy = 323A73F421E6BE66002C5FCF /* PBXContainerItemProxy */;
		};
/* End PBXTargetDependency section */

/* Begin PBXVariantGroup section */
		323A73DB21E6BE65002C5FCF /* Main.storyboard */ = {
			isa = PBXVariantGroup;
			children = (
				323A73DC21E6BE65002C5FCF /* Base */,
			);
			name = Main.storyboard;
			sourceTree = "<group>";
		};
		323A73E021E6BE65002C5FCF /* LaunchScreen.storyboard */ = {
			isa = PBXVariantGroup;
			children = (
				323A73E121E6BE65002C5FCF /* Base */,
			);
			name = LaunchScreen.storyboard;
			sourceTree = "<group>";
		};
/* End PBXVariantGroup section */

/* Begin XCBuildConfiguration section */
		323A73FA21E6BE66002C5FCF /* Debug */ = {
			isa = XCBuildConfiguration;
			buildSettings = {
				ALWAYS_SEARCH_USER_PATHS = NO;
				CLANG_ANALYZER_NONNULL = YES;
				CLANG_ANALYZER_NUMBER_OBJECT_CONVERSION = YES_AGGRESSIVE;
				CLANG_CXX_LANGUAGE_STANDARD = "gnu++14";
				CLANG_CXX_LIBRARY = "libc++";
				CLANG_ENABLE_MODULES = YES;
				CLANG_ENABLE_OBJC_ARC = YES;
				CLANG_ENABLE_OBJC_WEAK = YES;
				CLANG_WARN_BLOCK_CAPTURE_AUTORELEASING = YES;
				CLANG_WARN_BOOL_CONVERSION = YES;
				CLANG_WARN_COMMA = YES;
				CLANG_WARN_CONSTANT_CONVERSION = YES;
				CLANG_WARN_DEPRECATED_OBJC_IMPLEMENTATIONS = YES;
				CLANG_WARN_DIRECT_OBJC_ISA_USAGE = YES_ERROR;
				CLANG_WARN_DOCUMENTATION_COMMENTS = YES;
				CLANG_WARN_EMPTY_BODY = YES;
				CLANG_WARN_ENUM_CONVERSION = YES;
				CLANG_WARN_INFINITE_RECURSION = YES;
				CLANG_WARN_INT_CONVERSION = YES;
				CLANG_WARN_NON_LITERAL_NULL_CONVERSION = YES;
				CLANG_WARN_OBJC_IMPLICIT_RETAIN_SELF = YES;
				CLANG_WARN_OBJC_LITERAL_CONVERSION = YES;
				CLANG_WARN_OBJC_ROOT_CLASS = YES_ERROR;
				CLANG_WARN_RANGE_LOOP_ANALYSIS = YES;
				CLANG_WARN_STRICT_PROTOTYPES = YES;
				CLANG_WARN_SUSPICIOUS_MOVE = YES;
				CLANG_WARN_UNGUARDED_AVAILABILITY = YES_AGGRESSIVE;
				CLANG_WARN_UNREACHABLE_CODE = YES;
				CLANG_WARN__DUPLICATE_METHOD_MATCH = YES;
				CODE_SIGN_IDENTITY = "iPhone Developer";
				COPY_PHASE_STRIP = NO;
				DEBUG_INFORMATION_FORMAT = dwarf;
				ENABLE_STRICT_OBJC_MSGSEND = YES;
				ENABLE_TESTABILITY = YES;
				GCC_C_LANGUAGE_STANDARD = gnu11;
				GCC_DYNAMIC_NO_PIC = NO;
				GCC_NO_COMMON_BLOCKS = YES;
				GCC_OPTIMIZATION_LEVEL = 0;
				GCC_PREPROCESSOR_DEFINITIONS = (
					"DEBUG=1",
					"$(inherited)",
				);
				GCC_WARN_64_TO_32_BIT_CONVERSION = YES;
				GCC_WARN_ABOUT_RETURN_TYPE = YES_ERROR;
				GCC_WARN_UNDECLARED_SELECTOR = YES;
				GCC_WARN_UNINITIALIZED_AUTOS = YES_AGGRESSIVE;
				GCC_WARN_UNUSED_FUNCTION = YES;
				GCC_WARN_UNUSED_VARIABLE = YES;
				IPHONEOS_DEPLOYMENT_TARGET = 12.1;
				MTL_ENABLE_DEBUG_INFO = INCLUDE_SOURCE;
				MTL_FAST_MATH = YES;
				ONLY_ACTIVE_ARCH = YES;
				SDKROOT = iphoneos;
				SWIFT_ACTIVE_COMPILATION_CONDITIONS = DEBUG;
				SWIFT_OPTIMIZATION_LEVEL = "-Onone";
			};
			name = Debug;
		};
		323A73FB21E6BE66002C5FCF /* Release */ = {
			isa = XCBuildConfiguration;
			buildSettings = {
				ALWAYS_SEARCH_USER_PATHS = NO;
				CLANG_ANALYZER_NONNULL = YES;
				CLANG_ANALYZER_NUMBER_OBJECT_CONVERSION = YES_AGGRESSIVE;
				CLANG_CXX_LANGUAGE_STANDARD = "gnu++14";
				CLANG_CXX_LIBRARY = "libc++";
				CLANG_ENABLE_MODULES = YES;
				CLANG_ENABLE_OBJC_ARC = YES;
				CLANG_ENABLE_OBJC_WEAK = YES;
				CLANG_WARN_BLOCK_CAPTURE_AUTORELEASING = YES;
				CLANG_WARN_BOOL_CONVERSION = YES;
				CLANG_WARN_COMMA = YES;
				CLANG_WARN_CONSTANT_CONVERSION = YES;
				CLANG_WARN_DEPRECATED_OBJC_IMPLEMENTATIONS = YES;
				CLANG_WARN_DIRECT_OBJC_ISA_USAGE = YES_ERROR;
				CLANG_WARN_DOCUMENTATION_COMMENTS = YES;
				CLANG_WARN_EMPTY_BODY = YES;
				CLANG_WARN_ENUM_CONVERSION = YES;
				CLANG_WARN_INFINITE_RECURSION = YES;
				CLANG_WARN_INT_CONVERSION = YES;
				CLANG_WARN_NON_LITERAL_NULL_CONVERSION = YES;
				CLANG_WARN_OBJC_IMPLICIT_RETAIN_SELF = YES;
				CLANG_WARN_OBJC_LITERAL_CONVERSION = YES;
				CLANG_WARN_OBJC_ROOT_CLASS = YES_ERROR;
				CLANG_WARN_RANGE_LOOP_ANALYSIS = YES;
				CLANG_WARN_STRICT_PROTOTYPES = YES;
				CLANG_WARN_SUSPICIOUS_MOVE = YES;
				CLANG_WARN_UNGUARDED_AVAILABILITY = YES_AGGRESSIVE;
				CLANG_WARN_UNREACHABLE_CODE = YES;
				CLANG_WARN__DUPLICATE_METHOD_MATCH = YES;
				CODE_SIGN_IDENTITY = "iPhone Developer";
				COPY_PHASE_STRIP = NO;
				DEBUG_INFORMATION_FORMAT = "dwarf-with-dsym";
				ENABLE_NS_ASSERTIONS = NO;
				ENABLE_STRICT_OBJC_MSGSEND = YES;
				GCC_C_LANGUAGE_STANDARD = gnu11;
				GCC_NO_COMMON_BLOCKS = YES;
				GCC_WARN_64_TO_32_BIT_CONVERSION = YES;
				GCC_WARN_ABOUT_RETURN_TYPE = YES_ERROR;
				GCC_WARN_UNDECLARED_SELECTOR = YES;
				GCC_WARN_UNINITIALIZED_AUTOS = YES_AGGRESSIVE;
				GCC_WARN_UNUSED_FUNCTION = YES;
				GCC_WARN_UNUSED_VARIABLE = YES;
				IPHONEOS_DEPLOYMENT_TARGET = 12.1;
				MTL_ENABLE_DEBUG_INFO = NO;
				MTL_FAST_MATH = YES;
				SDKROOT = iphoneos;
				SWIFT_COMPILATION_MODE = wholemodule;
				SWIFT_OPTIMIZATION_LEVEL = "-O";
				VALIDATE_PRODUCT = YES;
			};
			name = Release;
		};
		323A73FD21E6BE66002C5FCF /* Debug */ = {
			isa = XCBuildConfiguration;
			buildSettings = {
				ASSETCATALOG_COMPILER_APPICON_NAME = AppIcon;
				CODE_SIGN_STYLE = Automatic;
				INFOPLIST_FILE = TipCalculator/Info.plist;
				LD_RUNPATH_SEARCH_PATHS = (
					"$(inherited)",
					"@executable_path/Frameworks",
				);
				PRODUCT_BUNDLE_IDENTIFIER = com.umangmathur.TipCalculator;
				PRODUCT_NAME = "$(TARGET_NAME)";
				SWIFT_VERSION = 4.2;
				TARGETED_DEVICE_FAMILY = "1,2";
			};
			name = Debug;
		};
		323A73FE21E6BE66002C5FCF /* Release */ = {
			isa = XCBuildConfiguration;
			buildSettings = {
				ASSETCATALOG_COMPILER_APPICON_NAME = AppIcon;
				CODE_SIGN_STYLE = Automatic;
				INFOPLIST_FILE = TipCalculator/Info.plist;
				LD_RUNPATH_SEARCH_PATHS = (
					"$(inherited)",
					"@executable_path/Frameworks",
				);
				PRODUCT_BUNDLE_IDENTIFIER = com.umangmathur.TipCalculator;
				PRODUCT_NAME = "$(TARGET_NAME)";
				SWIFT_VERSION = 4.2;
				TARGETED_DEVICE_FAMILY = "1,2";
			};
			name = Release;
		};
		323A740021E6BE66002C5FCF /* Debug */ = {
			isa = XCBuildConfiguration;
			buildSettings = {
				ALWAYS_EMBED_SWIFT_STANDARD_LIBRARIES = YES;
				BUNDLE_LOADER = "$(TEST_HOST)";
				CODE_SIGN_STYLE = Automatic;
				INFOPLIST_FILE = TipCalculatorTests/Info.plist;
				LD_RUNPATH_SEARCH_PATHS = (
					"$(inherited)",
					"@executable_path/Frameworks",
					"@loader_path/Frameworks",
				);
				PRODUCT_BUNDLE_IDENTIFIER = com.umangmathur.TipCalculatorTests;
				PRODUCT_NAME = "$(TARGET_NAME)";
				SWIFT_VERSION = 4.2;
				TARGETED_DEVICE_FAMILY = "1,2";
				TEST_HOST = "$(BUILT_PRODUCTS_DIR)/TipCalculator.app/TipCalculator";
			};
			name = Debug;
		};
		323A740121E6BE66002C5FCF /* Release */ = {
			isa = XCBuildConfiguration;
			buildSettings = {
				ALWAYS_EMBED_SWIFT_STANDARD_LIBRARIES = YES;
				BUNDLE_LOADER = "$(TEST_HOST)";
				CODE_SIGN_STYLE = Automatic;
				INFOPLIST_FILE = TipCalculatorTests/Info.plist;
				LD_RUNPATH_SEARCH_PATHS = (
					"$(inherited)",
					"@executable_path/Frameworks",
					"@loader_path/Frameworks",
				);
				PRODUCT_BUNDLE_IDENTIFIER = com.umangmathur.TipCalculatorTests;
				PRODUCT_NAME = "$(TARGET_NAME)";
				SWIFT_VERSION = 4.2;
				TARGETED_DEVICE_FAMILY = "1,2";
				TEST_HOST = "$(BUILT_PRODUCTS_DIR)/TipCalculator.app/TipCalculator";
			};
			name = Release;
		};
		323A740321E6BE66002C5FCF /* Debug */ = {
			isa = XCBuildConfiguration;
			buildSettings = {
				ALWAYS_EMBED_SWIFT_STANDARD_LIBRARIES = YES;
				CODE_SIGN_STYLE = Automatic;
				INFOPLIST_FILE = TipCalculatorUITests/Info.plist;
				LD_RUNPATH_SEARCH_PATHS = (
					"$(inherited)",
					"@executable_path/Frameworks",
					"@loader_path/Frameworks",
				);
				PRODUCT_BUNDLE_IDENTIFIER = com.umangmathur.TipCalculatorUITests;
				PRODUCT_NAME = "$(TARGET_NAME)";
				SWIFT_VERSION = 4.2;
				TARGETED_DEVICE_FAMILY = "1,2";
				TEST_TARGET_NAME = TipCalculator;
			};
			name = Debug;
		};
		323A740421E6BE66002C5FCF /* Release */ = {
			isa = XCBuildConfiguration;
			buildSettings = {
				ALWAYS_EMBED_SWIFT_STANDARD_LIBRARIES = YES;
				CODE_SIGN_STYLE = Automatic;
				INFOPLIST_FILE = TipCalculatorUITests/Info.plist;
				LD_RUNPATH_SEARCH_PATHS = (
					"$(inherited)",
					"@executable_path/Frameworks",
					"@loader_path/Frameworks",
				);
				PRODUCT_BUNDLE_IDENTIFIER = com.umangmathur.TipCalculatorUITests;
				PRODUCT_NAME = "$(TARGET_NAME)";
				SWIFT_VERSION = 4.2;
				TARGETED_DEVICE_FAMILY = "1,2";
				TEST_TARGET_NAME = TipCalculator;
			};
			name = Release;
		};
/* End XCBuildConfiguration section */

/* Begin XCConfigurationList section */
		323A73CF21E6BE65002C5FCF /* Build configuration list for PBXProject "TipCalculator" */ = {
			isa = XCConfigurationList;
			buildConfigurations = (
				323A73FA21E6BE66002C5FCF /* Debug */,
				323A73FB21E6BE66002C5FCF /* Release */,
			);
			defaultConfigurationIsVisible = 0;
			defaultConfigurationName = Release;
		};
		323A73FC21E6BE66002C5FCF /* Build configuration list for PBXNativeTarget "TipCalculator" */ = {
			isa = XCConfigurationList;
			buildConfigurations = (
				323A73FD21E6BE66002C5FCF /* Debug */,
				323A73FE21E6BE66002C5FCF /* Release */,
			);
			defaultConfigurationIsVisible = 0;
			defaultConfigurationName = Release;
		};
		323A73FF21E6BE66002C5FCF /* Build configuration list for PBXNativeTarget "TipCalculatorTests" */ = {
			isa = XCConfigurationList;
			buildConfigurations = (
				323A740021E6BE66002C5FCF /* Debug */,
				323A740121E6BE66002C5FCF /* Release */,
			);
			defaultConfigurationIsVisible = 0;
			defaultConfigurationName = Release;
		};
		323A740221E6BE66002C5FCF /* Build configuration list for PBXNativeTarget "TipCalculatorUITests" */ = {
			isa = XCConfigurationList;
			buildConfigurations = (
				323A740321E6BE66002C5FCF /* Debug */,
				323A740421E6BE66002C5FCF /* Release */,
			);
			defaultConfigurationIsVisible = 0;
			defaultConfigurationName = Release;
		};
/* End XCConfigurationList section */
	};
	rootObject = 323A73CC21E6BE65002C5FCF /* Project object */;
}
